
Microsoft Visual Studio Solution File, Format Version 12.00
# Visual Studio 15
VisualStudioVersion = 15.0.26730.12
MinimumVisualStudioVersion = 10.0.40219.1
Project("{2150E333-8FDC-42A3-9474-1A3956D46DE8}") = "src", "src", "{41EBA1C8-5F39-461E-8CE0-0351CE1AC9B0}"
EndProject
Project("{9A19103F-16F7-4668-BE54-9A1E7A4F7556}") = "Seed", "src\Seed\Seed.csproj", "{093F1E17-9753-4E51-9232-A56EFB041301}"
EndProject
Project("{9A19103F-16F7-4668-BE54-9A1E7A4F7556}") = "Seed.Hosting", "src\Seed.Hosting\Seed.Hosting.csproj", "{72066D3A-CA28-4628-B907-3DFDCD0F45CD}"
EndProject
Project("{9A19103F-16F7-4668-BE54-9A1E7A4F7556}") = "Seed.Environment", "src\Seed.Environment\Seed.Environment.csproj", "{898A51AD-EE4E-4C7F-970D-B1B4F7674E1B}"
EndProject
Project("{2150E333-8FDC-42A3-9474-1A3956D46DE8}") = "Solution Items", "Solution Items", "{FE733C24-8C13-4A1A-9584-A4E1C48E9358}"
	ProjectSection(SolutionItems) = preProject
		.gitattributes = .gitattributes
		.gitignore = .gitignore
		README.md = README.md
	EndProjectSection
EndProject
Project("{9A19103F-16F7-4668-BE54-9A1E7A4F7556}") = "Seed.Environment.Abstractions", "src\Seed.Environment.Abstractions\Seed.Environment.Abstractions.csproj", "{D6113CC3-3201-43CC-B618-A728A78A3B6C}"
EndProject
Project("{9A19103F-16F7-4668-BE54-9A1E7A4F7556}") = "Seed.Modules", "src\Seed.Modules\Seed.Modules.csproj", "{498FE358-0575-4A0D-AC87-1EC0028A37F3}"
EndProject
Project("{9A19103F-16F7-4668-BE54-9A1E7A4F7556}") = "Seed.Modules.Abstractions", "src\Seed.Modules.Abstractions\Seed.Modules.Abstractions.csproj", "{04601158-DE5E-4EA0-B864-8839A68852C2}"
EndProject
Project("{9A19103F-16F7-4668-BE54-9A1E7A4F7556}") = "Seed.Events", "src\Seed.Events\Seed.Events.csproj", "{96E7D4F4-322D-4E16-B575-284DCD4716C8}"
EndProject
Project("{9A19103F-16F7-4668-BE54-9A1E7A4F7556}") = "Seed.Plugins", "src\Seed.Plugins\Seed.Plugins.csproj", "{67052DF8-DD4F-45D6-8671-9C759459DCF7}"
EndProject
Project("{9A19103F-16F7-4668-BE54-9A1E7A4F7556}") = "Seed.Plugins.Abstractions", "src\Seed.Plugins.Abstractions\Seed.Plugins.Abstractions.csproj", "{A2EDC341-5BEF-4485-BA63-94D43A4DDC0A}"
EndProject
Project("{9A19103F-16F7-4668-BE54-9A1E7A4F7556}") = "Seed.Events.Abstractions", "src\Seed.Events.Abstractions\Seed.Events.Abstractions.csproj", "{27EAAAD2-D05D-4DBE-93C6-79CE88EAC2AD}"
EndProject
Project("{FAE04EC0-301F-11D3-BF4B-00C04F79EFBC}") = "Seed.Modeling", "src\Seed.Modeling\Seed.Modeling.csproj", "{E17CCEC7-2E8D-47D8-95F8-8CDBB5471882}"
EndProject
Global
	GlobalSection(SolutionConfigurationPlatforms) = preSolution
		Debug|Any CPU = Debug|Any CPU
		Release|Any CPU = Release|Any CPU
	EndGlobalSection
	GlobalSection(ProjectConfigurationPlatforms) = postSolution
		{093F1E17-9753-4E51-9232-A56EFB041301}.Debug|Any CPU.ActiveCfg = Debug|Any CPU
		{093F1E17-9753-4E51-9232-A56EFB041301}.Debug|Any CPU.Build.0 = Debug|Any CPU
		{093F1E17-9753-4E51-9232-A56EFB041301}.Release|Any CPU.ActiveCfg = Release|Any CPU
		{093F1E17-9753-4E51-9232-A56EFB041301}.Release|Any CPU.Build.0 = Release|Any CPU
		{72066D3A-CA28-4628-B907-3DFDCD0F45CD}.Debug|Any CPU.ActiveCfg = Debug|Any CPU
		{72066D3A-CA28-4628-B907-3DFDCD0F45CD}.Debug|Any CPU.Build.0 = Debug|Any CPU
		{72066D3A-CA28-4628-B907-3DFDCD0F45CD}.Release|Any CPU.ActiveCfg = Release|Any CPU
		{72066D3A-CA28-4628-B907-3DFDCD0F45CD}.Release|Any CPU.Build.0 = Release|Any CPU
		{898A51AD-EE4E-4C7F-970D-B1B4F7674E1B}.Debug|Any CPU.ActiveCfg = Debug|Any CPU
		{898A51AD-EE4E-4C7F-970D-B1B4F7674E1B}.Debug|Any CPU.Build.0 = Debug|Any CPU
		{898A51AD-EE4E-4C7F-970D-B1B4F7674E1B}.Release|Any CPU.ActiveCfg = Release|Any CPU
		{898A51AD-EE4E-4C7F-970D-B1B4F7674E1B}.Release|Any CPU.Build.0 = Release|Any CPU
		{D6113CC3-3201-43CC-B618-A728A78A3B6C}.Debug|Any CPU.ActiveCfg = Debug|Any CPU
		{D6113CC3-3201-43CC-B618-A728A78A3B6C}.Debug|Any CPU.Build.0 = Debug|Any CPU
		{D6113CC3-3201-43CC-B618-A728A78A3B6C}.Release|Any CPU.ActiveCfg = Release|Any CPU
		{D6113CC3-3201-43CC-B618-A728A78A3B6C}.Release|Any CPU.Build.0 = Release|Any CPU
		{498FE358-0575-4A0D-AC87-1EC0028A37F3}.Debug|Any CPU.ActiveCfg = Debug|Any CPU
		{498FE358-0575-4A0D-AC87-1EC0028A37F3}.Debug|Any CPU.Build.0 = Debug|Any CPU
		{498FE358-0575-4A0D-AC87-1EC0028A37F3}.Release|Any CPU.ActiveCfg = Release|Any CPU
		{498FE358-0575-4A0D-AC87-1EC0028A37F3}.Release|Any CPU.Build.0 = Release|Any CPU
		{04601158-DE5E-4EA0-B864-8839A68852C2}.Debug|Any CPU.ActiveCfg = Debug|Any CPU
		{04601158-DE5E-4EA0-B864-8839A68852C2}.Debug|Any CPU.Build.0 = Debug|Any CPU
		{04601158-DE5E-4EA0-B864-8839A68852C2}.Release|Any CPU.ActiveCfg = Release|Any CPU
		{04601158-DE5E-4EA0-B864-8839A68852C2}.Release|Any CPU.Build.0 = Release|Any CPU
		{96E7D4F4-322D-4E16-B575-284DCD4716C8}.Debug|Any CPU.ActiveCfg = Debug|Any CPU
		{96E7D4F4-322D-4E16-B575-284DCD4716C8}.Debug|Any CPU.Build.0 = Debug|Any CPU
		{96E7D4F4-322D-4E16-B575-284DCD4716C8}.Release|Any CPU.ActiveCfg = Release|Any CPU
		{96E7D4F4-322D-4E16-B575-284DCD4716C8}.Release|Any CPU.Build.0 = Release|Any CPU
		{67052DF8-DD4F-45D6-8671-9C759459DCF7}.Debug|Any CPU.ActiveCfg = Debug|Any CPU
		{67052DF8-DD4F-45D6-8671-9C759459DCF7}.Debug|Any CPU.Build.0 = Debug|Any CPU
		{67052DF8-DD4F-45D6-8671-9C759459DCF7}.Release|Any CPU.ActiveCfg = Release|Any CPU
		{67052DF8-DD4F-45D6-8671-9C759459DCF7}.Release|Any CPU.Build.0 = Release|Any CPU
		{A2EDC341-5BEF-4485-BA63-94D43A4DDC0A}.Debug|Any CPU.ActiveCfg = Debug|Any CPU
		{A2EDC341-5BEF-4485-BA63-94D43A4DDC0A}.Debug|Any CPU.Build.0 = Debug|Any CPU
		{A2EDC341-5BEF-4485-BA63-94D43A4DDC0A}.Release|Any CPU.ActiveCfg = Release|Any CPU
		{A2EDC341-5BEF-4485-BA63-94D43A4DDC0A}.Release|Any CPU.Build.0 = Release|Any CPU
		{27EAAAD2-D05D-4DBE-93C6-79CE88EAC2AD}.Debug|Any CPU.ActiveCfg = Debug|Any CPU
		{27EAAAD2-D05D-4DBE-93C6-79CE88EAC2AD}.Debug|Any CPU.Build.0 = Debug|Any CPU
		{27EAAAD2-D05D-4DBE-93C6-79CE88EAC2AD}.Release|Any CPU.ActiveCfg = Release|Any CPU
		{27EAAAD2-D05D-4DBE-93C6-79CE88EAC2AD}.Release|Any CPU.Build.0 = Release|Any CPU
		{E17CCEC7-2E8D-47D8-95F8-8CDBB5471882}.Debug|Any CPU.ActiveCfg = Debug|Any CPU
		{E17CCEC7-2E8D-47D8-95F8-8CDBB5471882}.Debug|Any CPU.Build.0 = Debug|Any CPU
		{E17CCEC7-2E8D-47D8-95F8-8CDBB5471882}.Release|Any CPU.ActiveCfg = Release|Any CPU
		{E17CCEC7-2E8D-47D8-95F8-8CDBB5471882}.Release|Any CPU.Build.0 = Release|Any CPU
	EndGlobalSection
	GlobalSection(SolutionProperties) = preSolution
		HideSolutionNode = FALSE
	EndGlobalSection
	GlobalSection(NestedProjects) = preSolution
		{093F1E17-9753-4E51-9232-A56EFB041301} = {41EBA1C8-5F39-461E-8CE0-0351CE1AC9B0}
		{72066D3A-CA28-4628-B907-3DFDCD0F45CD} = {41EBA1C8-5F39-461E-8CE0-0351CE1AC9B0}
		{898A51AD-EE4E-4C7F-970D-B1B4F7674E1B} = {41EBA1C8-5F39-461E-8CE0-0351CE1AC9B0}
		{D6113CC3-3201-43CC-B618-A728A78A3B6C} = {41EBA1C8-5F39-461E-8CE0-0351CE1AC9B0}
		{498FE358-0575-4A0D-AC87-1EC0028A37F3} = {41EBA1C8-5F39-461E-8CE0-0351CE1AC9B0}
		{04601158-DE5E-4EA0-B864-8839A68852C2} = {41EBA1C8-5F39-461E-8CE0-0351CE1AC9B0}
		{96E7D4F4-322D-4E16-B575-284DCD4716C8} = {41EBA1C8-5F39-461E-8CE0-0351CE1AC9B0}
		{67052DF8-DD4F-45D6-8671-9C759459DCF7} = {41EBA1C8-5F39-461E-8CE0-0351CE1AC9B0}
		{A2EDC341-5BEF-4485-BA63-94D43A4DDC0A} = {41EBA1C8-5F39-461E-8CE0-0351CE1AC9B0}
		{27EAAAD2-D05D-4DBE-93C6-79CE88EAC2AD} = {41EBA1C8-5F39-461E-8CE0-0351CE1AC9B0}
		{E17CCEC7-2E8D-47D8-95F8-8CDBB5471882} = {41EBA1C8-5F39-461E-8CE0-0351CE1AC9B0}
	EndGlobalSection
	GlobalSection(ExtensibilityGlobals) = postSolution
		SolutionGuid = {3F7D4F15-47E3-4EF6-BA01-22986DA3D67D}
	EndGlobalSection
EndGlobal
