
Microsoft Visual Studio Solution File, Format Version 12.00
# Visual Studio Version 16
VisualStudioVersion = 16.0.28803.452
MinimumVisualStudioVersion = 10.0.40219.1
Project("{2150E333-8FDC-42A3-9474-1A3956D46DE8}") = "src", "src", "{41EBA1C8-5F39-461E-8CE0-0351CE1AC9B0}"
EndProject
Project("{2150E333-8FDC-42A3-9474-1A3956D46DE8}") = "Solution Items", "Solution Items", "{FFF6BEF4-8719-4817-BEFB-05AE448D5073}"
	ProjectSection(SolutionItems) = preProject
		.gitattributes = .gitattributes
		.gitignore = .gitignore
		global.json = global.json
		README.md = README.md
	EndProjectSection
EndProject
Project("{2150E333-8FDC-42A3-9474-1A3956D46DE8}") = "SeedCore", "SeedCore", "{BD5C3C08-87E3-44FC-A428-46CD6B7610F3}"
	ProjectSection(SolutionItems) = preProject
		src\SeedCore\Directory.Build.props = src\SeedCore\Directory.Build.props
		src\SeedCore\Directory.Build.targets = src\SeedCore\Directory.Build.targets
	EndProjectSection
EndProject
Project("{2150E333-8FDC-42A3-9474-1A3956D46DE8}") = "SeedModules", "SeedModules", "{F09AC6F7-710B-4434-BB98-B9600B68FA66}"
EndProject
Project("{9A19103F-16F7-4668-BE54-9A1E7A4F7556}") = "SeedModules.Setup", "src\SeedModules\SeedModules.Setup\SeedModules.Setup.csproj", "{030D1EF8-616A-4F97-BA1E-3D91003A4390}"
EndProject
Project("{9A19103F-16F7-4668-BE54-9A1E7A4F7556}") = "SeedTargets.Application", "src\SeedTargets\SeedTargets.Application\SeedTargets.Application.csproj", "{5866C646-DA81-474C-A311-DF759361B7F1}"
EndProject
Project("{9A19103F-16F7-4668-BE54-9A1E7A4F7556}") = "SeedTargets.Web", "src\SeedTargets\SeedTargets.Web\SeedTargets.Web.csproj", "{66455674-0168-4F02-87E3-B9831432487E}"
EndProject
Project("{9A19103F-16F7-4668-BE54-9A1E7A4F7556}") = "SeedTargets.Module", "src\SeedTargets\SeedTargets.Module\SeedTargets.Module.csproj", "{635C160A-4B31-4B45-8490-3503B145F430}"
EndProject
Project("{2150E333-8FDC-42A3-9474-1A3956D46DE8}") = "SeedBuilds", "SeedBuilds", "{CB1A64B0-0FA9-4B18-A5B7-2AD122B6BD1E}"
	ProjectSection(SolutionItems) = preProject
		src\SeedBuilds\Dependencies.AspNetCore.props = src\SeedBuilds\Dependencies.AspNetCore.props
		src\SeedBuilds\Dependencies.props = src\SeedBuilds\Dependencies.props
		src\SeedBuilds\SeedCore.Commons.props = src\SeedBuilds\SeedCore.Commons.props
		src\SeedBuilds\SeedCore.Commons.targets = src\SeedBuilds\SeedCore.Commons.targets
	EndProjectSection
EndProject
Project("{2150E333-8FDC-42A3-9474-1A3956D46DE8}") = "SeedTargets", "SeedTargets", "{8F6E79AC-EBF0-47B2-8E86-418BDCE3F68C}"
EndProject
Project("{9A19103F-16F7-4668-BE54-9A1E7A4F7556}") = "Seed", "src\Seed\Seed.csproj", "{1797AF48-3081-4510-9726-3CC9CDD818D3}"
EndProject
Project("{9A19103F-16F7-4668-BE54-9A1E7A4F7556}") = "SeedCore", "src\SeedCore\SeedCore\SeedCore.csproj", "{30CBFEC6-6437-4BF6-A11A-EA8C25BBE0F3}"
EndProject
Project("{9A19103F-16F7-4668-BE54-9A1E7A4F7556}") = "SeedCore.Abstractions", "src\SeedCore\SeedCore.Abstractions\SeedCore.Abstractions.csproj", "{5BD7E84C-0078-4C95-BEC6-A47C28C943DE}"
EndProject
Project("{9A19103F-16F7-4668-BE54-9A1E7A4F7556}") = "SeedCore.Data.Abstractions", "src\SeedCore\SeedCore.Data.Abstractions\SeedCore.Data.Abstractions.csproj", "{71DE3F17-1912-4692-805E-17F79543D250}"
EndProject
Project("{9A19103F-16F7-4668-BE54-9A1E7A4F7556}") = "SeedCore.Data", "src\SeedCore\SeedCore.Data\SeedCore.Data.csproj", "{8F255904-539F-4A45-AE7F-9760B78479AE}"
EndProject
Project("{9A19103F-16F7-4668-BE54-9A1E7A4F7556}") = "SeedCore.Infrastructure.Abstractions", "src\SeedCore\SeedCore.Infrastructure.Abstractions\SeedCore.Infrastructure.Abstractions.csproj", "{DD51643C-D73F-4AB0-8C6B-2288A2169F81}"
EndProject
Project("{9A19103F-16F7-4668-BE54-9A1E7A4F7556}") = "SeedCore.Infrastructure", "src\SeedCore\SeedCore.Infrastructure\SeedCore.Infrastructure.csproj", "{68CEF535-994A-47CB-B012-DD815CE3DFF7}"
EndProject
Project("{FAE04EC0-301F-11D3-BF4B-00C04F79EFBC}") = "SeedCore.Mvc", "src\SeedCore\SeedCore.Mvc\SeedCore.Mvc.csproj", "{829C042B-16F4-4139-8926-F968578E602B}"
EndProject
Project("{FAE04EC0-301F-11D3-BF4B-00C04F79EFBC}") = "SeedModules.Recipes", "src\SeedModules\SeedModules.Recipes\SeedModules.Recipes.csproj", "{1A905009-2874-479D-8725-F2B532C3B9CC}"
EndProject
Global
	GlobalSection(SolutionConfigurationPlatforms) = preSolution
		Debug|Any CPU = Debug|Any CPU
		Release|Any CPU = Release|Any CPU
	EndGlobalSection
	GlobalSection(ProjectConfigurationPlatforms) = postSolution
		{030D1EF8-616A-4F97-BA1E-3D91003A4390}.Debug|Any CPU.ActiveCfg = Debug|Any CPU
		{030D1EF8-616A-4F97-BA1E-3D91003A4390}.Debug|Any CPU.Build.0 = Debug|Any CPU
		{030D1EF8-616A-4F97-BA1E-3D91003A4390}.Release|Any CPU.ActiveCfg = Release|Any CPU
		{030D1EF8-616A-4F97-BA1E-3D91003A4390}.Release|Any CPU.Build.0 = Release|Any CPU
		{5866C646-DA81-474C-A311-DF759361B7F1}.Debug|Any CPU.ActiveCfg = Debug|Any CPU
		{5866C646-DA81-474C-A311-DF759361B7F1}.Debug|Any CPU.Build.0 = Debug|Any CPU
		{5866C646-DA81-474C-A311-DF759361B7F1}.Release|Any CPU.ActiveCfg = Release|Any CPU
		{5866C646-DA81-474C-A311-DF759361B7F1}.Release|Any CPU.Build.0 = Release|Any CPU
		{66455674-0168-4F02-87E3-B9831432487E}.Debug|Any CPU.ActiveCfg = Debug|Any CPU
		{66455674-0168-4F02-87E3-B9831432487E}.Debug|Any CPU.Build.0 = Debug|Any CPU
		{66455674-0168-4F02-87E3-B9831432487E}.Release|Any CPU.ActiveCfg = Release|Any CPU
		{66455674-0168-4F02-87E3-B9831432487E}.Release|Any CPU.Build.0 = Release|Any CPU
		{635C160A-4B31-4B45-8490-3503B145F430}.Debug|Any CPU.ActiveCfg = Debug|Any CPU
		{635C160A-4B31-4B45-8490-3503B145F430}.Debug|Any CPU.Build.0 = Debug|Any CPU
		{635C160A-4B31-4B45-8490-3503B145F430}.Release|Any CPU.ActiveCfg = Release|Any CPU
		{635C160A-4B31-4B45-8490-3503B145F430}.Release|Any CPU.Build.0 = Release|Any CPU
		{1797AF48-3081-4510-9726-3CC9CDD818D3}.Debug|Any CPU.ActiveCfg = Debug|Any CPU
		{1797AF48-3081-4510-9726-3CC9CDD818D3}.Debug|Any CPU.Build.0 = Debug|Any CPU
		{1797AF48-3081-4510-9726-3CC9CDD818D3}.Release|Any CPU.ActiveCfg = Release|Any CPU
		{1797AF48-3081-4510-9726-3CC9CDD818D3}.Release|Any CPU.Build.0 = Release|Any CPU
		{30CBFEC6-6437-4BF6-A11A-EA8C25BBE0F3}.Debug|Any CPU.ActiveCfg = Debug|Any CPU
		{30CBFEC6-6437-4BF6-A11A-EA8C25BBE0F3}.Debug|Any CPU.Build.0 = Debug|Any CPU
		{30CBFEC6-6437-4BF6-A11A-EA8C25BBE0F3}.Release|Any CPU.ActiveCfg = Release|Any CPU
		{30CBFEC6-6437-4BF6-A11A-EA8C25BBE0F3}.Release|Any CPU.Build.0 = Release|Any CPU
		{5BD7E84C-0078-4C95-BEC6-A47C28C943DE}.Debug|Any CPU.ActiveCfg = Debug|Any CPU
		{5BD7E84C-0078-4C95-BEC6-A47C28C943DE}.Debug|Any CPU.Build.0 = Debug|Any CPU
		{5BD7E84C-0078-4C95-BEC6-A47C28C943DE}.Release|Any CPU.ActiveCfg = Release|Any CPU
		{5BD7E84C-0078-4C95-BEC6-A47C28C943DE}.Release|Any CPU.Build.0 = Release|Any CPU
		{71DE3F17-1912-4692-805E-17F79543D250}.Debug|Any CPU.ActiveCfg = Debug|Any CPU
		{71DE3F17-1912-4692-805E-17F79543D250}.Debug|Any CPU.Build.0 = Debug|Any CPU
		{71DE3F17-1912-4692-805E-17F79543D250}.Release|Any CPU.ActiveCfg = Release|Any CPU
		{71DE3F17-1912-4692-805E-17F79543D250}.Release|Any CPU.Build.0 = Release|Any CPU
		{8F255904-539F-4A45-AE7F-9760B78479AE}.Debug|Any CPU.ActiveCfg = Debug|Any CPU
		{8F255904-539F-4A45-AE7F-9760B78479AE}.Debug|Any CPU.Build.0 = Debug|Any CPU
		{8F255904-539F-4A45-AE7F-9760B78479AE}.Release|Any CPU.ActiveCfg = Release|Any CPU
		{8F255904-539F-4A45-AE7F-9760B78479AE}.Release|Any CPU.Build.0 = Release|Any CPU
		{DD51643C-D73F-4AB0-8C6B-2288A2169F81}.Debug|Any CPU.ActiveCfg = Debug|Any CPU
		{DD51643C-D73F-4AB0-8C6B-2288A2169F81}.Debug|Any CPU.Build.0 = Debug|Any CPU
		{DD51643C-D73F-4AB0-8C6B-2288A2169F81}.Release|Any CPU.ActiveCfg = Release|Any CPU
		{DD51643C-D73F-4AB0-8C6B-2288A2169F81}.Release|Any CPU.Build.0 = Release|Any CPU
		{68CEF535-994A-47CB-B012-DD815CE3DFF7}.Debug|Any CPU.ActiveCfg = Debug|Any CPU
		{68CEF535-994A-47CB-B012-DD815CE3DFF7}.Debug|Any CPU.Build.0 = Debug|Any CPU
		{68CEF535-994A-47CB-B012-DD815CE3DFF7}.Release|Any CPU.ActiveCfg = Release|Any CPU
		{68CEF535-994A-47CB-B012-DD815CE3DFF7}.Release|Any CPU.Build.0 = Release|Any CPU
		{829C042B-16F4-4139-8926-F968578E602B}.Debug|Any CPU.ActiveCfg = Debug|Any CPU
		{829C042B-16F4-4139-8926-F968578E602B}.Debug|Any CPU.Build.0 = Debug|Any CPU
		{829C042B-16F4-4139-8926-F968578E602B}.Release|Any CPU.ActiveCfg = Release|Any CPU
		{829C042B-16F4-4139-8926-F968578E602B}.Release|Any CPU.Build.0 = Release|Any CPU
		{1A905009-2874-479D-8725-F2B532C3B9CC}.Debug|Any CPU.ActiveCfg = Debug|Any CPU
		{1A905009-2874-479D-8725-F2B532C3B9CC}.Debug|Any CPU.Build.0 = Debug|Any CPU
		{1A905009-2874-479D-8725-F2B532C3B9CC}.Release|Any CPU.ActiveCfg = Release|Any CPU
		{1A905009-2874-479D-8725-F2B532C3B9CC}.Release|Any CPU.Build.0 = Release|Any CPU
	EndGlobalSection
	GlobalSection(SolutionProperties) = preSolution
		HideSolutionNode = FALSE
	EndGlobalSection
	GlobalSection(NestedProjects) = preSolution
		{BD5C3C08-87E3-44FC-A428-46CD6B7610F3} = {41EBA1C8-5F39-461E-8CE0-0351CE1AC9B0}
		{F09AC6F7-710B-4434-BB98-B9600B68FA66} = {41EBA1C8-5F39-461E-8CE0-0351CE1AC9B0}
		{030D1EF8-616A-4F97-BA1E-3D91003A4390} = {F09AC6F7-710B-4434-BB98-B9600B68FA66}
		{5866C646-DA81-474C-A311-DF759361B7F1} = {8F6E79AC-EBF0-47B2-8E86-418BDCE3F68C}
		{66455674-0168-4F02-87E3-B9831432487E} = {8F6E79AC-EBF0-47B2-8E86-418BDCE3F68C}
		{635C160A-4B31-4B45-8490-3503B145F430} = {8F6E79AC-EBF0-47B2-8E86-418BDCE3F68C}
		{CB1A64B0-0FA9-4B18-A5B7-2AD122B6BD1E} = {41EBA1C8-5F39-461E-8CE0-0351CE1AC9B0}
		{8F6E79AC-EBF0-47B2-8E86-418BDCE3F68C} = {41EBA1C8-5F39-461E-8CE0-0351CE1AC9B0}
		{1797AF48-3081-4510-9726-3CC9CDD818D3} = {41EBA1C8-5F39-461E-8CE0-0351CE1AC9B0}
		{30CBFEC6-6437-4BF6-A11A-EA8C25BBE0F3} = {BD5C3C08-87E3-44FC-A428-46CD6B7610F3}
		{5BD7E84C-0078-4C95-BEC6-A47C28C943DE} = {BD5C3C08-87E3-44FC-A428-46CD6B7610F3}
		{71DE3F17-1912-4692-805E-17F79543D250} = {BD5C3C08-87E3-44FC-A428-46CD6B7610F3}
		{8F255904-539F-4A45-AE7F-9760B78479AE} = {BD5C3C08-87E3-44FC-A428-46CD6B7610F3}
		{DD51643C-D73F-4AB0-8C6B-2288A2169F81} = {BD5C3C08-87E3-44FC-A428-46CD6B7610F3}
		{68CEF535-994A-47CB-B012-DD815CE3DFF7} = {BD5C3C08-87E3-44FC-A428-46CD6B7610F3}
		{829C042B-16F4-4139-8926-F968578E602B} = {BD5C3C08-87E3-44FC-A428-46CD6B7610F3}
		{1A905009-2874-479D-8725-F2B532C3B9CC} = {F09AC6F7-710B-4434-BB98-B9600B68FA66}
	EndGlobalSection
	GlobalSection(ExtensibilityGlobals) = postSolution
		SolutionGuid = {103E5205-1588-47A7-8F86-693367C858B2}
	EndGlobalSection
EndGlobal
