
Microsoft Visual Studio Solution File, Format Version 12.00
# Visual Studio 15
VisualStudioVersion = 15.0.27130.2036
MinimumVisualStudioVersion = 10.0.40219.1
Project("{2150E333-8FDC-42A3-9474-1A3956D46DE8}") = "src", "src", "{41EBA1C8-5F39-461E-8CE0-0351CE1AC9B0}"
EndProject
Project("{9A19103F-16F7-4668-BE54-9A1E7A4F7556}") = "Seed.Environment", "src\Seed.Environment\Seed.Environment.csproj", "{898A51AD-EE4E-4C7F-970D-B1B4F7674E1B}"
EndProject
Project("{9A19103F-16F7-4668-BE54-9A1E7A4F7556}") = "Seed.Environment.Abstractions", "src\Seed.Environment.Abstractions\Seed.Environment.Abstractions.csproj", "{D6113CC3-3201-43CC-B618-A728A78A3B6C}"
EndProject
Project("{9A19103F-16F7-4668-BE54-9A1E7A4F7556}") = "Seed.Modules", "src\Seed.Modules\Seed.Modules.csproj", "{498FE358-0575-4A0D-AC87-1EC0028A37F3}"
EndProject
Project("{9A19103F-16F7-4668-BE54-9A1E7A4F7556}") = "Seed.Modules.Abstractions", "src\Seed.Modules.Abstractions\Seed.Modules.Abstractions.csproj", "{04601158-DE5E-4EA0-B864-8839A68852C2}"
EndProject
Project("{9A19103F-16F7-4668-BE54-9A1E7A4F7556}") = "Seed.Yaml", "src\Seed.Yaml\Seed.Yaml.csproj", "{3FEC4011-4CEE-4830-B923-A390DDB36DEF}"
EndProject
Project("{9A19103F-16F7-4668-BE54-9A1E7A4F7556}") = "Seed.Mvc", "src\Seed.Mvc\Seed.Mvc.csproj", "{A5CD4660-4512-414C-BDA8-811CC2B1B3D4}"
EndProject
Project("{2150E333-8FDC-42A3-9474-1A3956D46DE8}") = "modules", "modules", "{B744AE02-1693-4BB9-96C3-01DF54DFB172}"
	ProjectSection(SolutionItems) = preProject
		modules\Directory.Build.props = modules\Directory.Build.props
		modules\Directory.Build.targets = modules\Directory.Build.targets
	EndProjectSection
EndProject
Project("{2150E333-8FDC-42A3-9474-1A3956D46DE8}") = "targets", "targets", "{B78090F4-3842-4EEF-A316-12233ADF9517}"
EndProject
Project("{9A19103F-16F7-4668-BE54-9A1E7A4F7556}") = "Seed.Application.Targets", "targets\Seed.Application.Targets\Seed.Application.Targets.csproj", "{0F39304C-C5CC-4EAC-9895-8EA2ADA492C6}"
EndProject
Project("{9A19103F-16F7-4668-BE54-9A1E7A4F7556}") = "Seed.Module.Targets", "targets\Seed.Module.Targets\Seed.Module.Targets.csproj", "{37921527-C53B-4816-B042-5AC0AF4A20BA}"
EndProject
Project("{2150E333-8FDC-42A3-9474-1A3956D46DE8}") = "Solution Items", "Solution Items", "{FFF6BEF4-8719-4817-BEFB-05AE448D5073}"
	ProjectSection(SolutionItems) = preProject
		.gitattributes = .gitattributes
		.gitignore = .gitignore
		README.md = README.md
	EndProjectSection
EndProject
Project("{9A19103F-16F7-4668-BE54-9A1E7A4F7556}") = "SeedModules.Setup", "modules\SeedModules.Setup\SeedModules.Setup.csproj", "{0A03C953-4CD2-45BC-9B44-404E6E59CA4F}"
EndProject
Project("{9A19103F-16F7-4668-BE54-9A1E7A4F7556}") = "Seed.Data.Abstractions", "src\Seed.Data.Abstractions\Seed.Data.Abstractions.csproj", "{E811FE77-CD31-494D-A0A4-8AF76219FA3C}"
EndProject
Project("{9A19103F-16F7-4668-BE54-9A1E7A4F7556}") = "Seed.Data", "src\Seed.Data\Seed.Data.csproj", "{BC57B530-046A-4A0C-A833-830E93873DB9}"
EndProject
Project("{9A19103F-16F7-4668-BE54-9A1E7A4F7556}") = "Seed.Security", "src\Seed.Security\Seed.Security.csproj", "{E29948EA-C76E-46BF-9E5E-2C6B3783BF25}"
EndProject
Project("{9A19103F-16F7-4668-BE54-9A1E7A4F7556}") = "Seed.Security.Abstractions", "src\Seed.Security.Abstractions\Seed.Security.Abstractions.csproj", "{72B1A896-8313-447D-BF57-9F291DF9D2D0}"
EndProject
Project("{9A19103F-16F7-4668-BE54-9A1E7A4F7556}") = "Seed.Application.All.Targets", "targets\Seed.Application.All.Targets\Seed.Application.All.Targets.csproj", "{73F06A11-8910-454B-98AD-7EFF8A376594}"
EndProject
Project("{9A19103F-16F7-4668-BE54-9A1E7A4F7556}") = "Seed.Mvc.Abstractions", "src\Seed.Mvc.Abstractions\Seed.Mvc.Abstractions.csproj", "{33EE589F-9C51-4C1E-9CCB-594D633DCA90}"
EndProject
Project("{9A19103F-16F7-4668-BE54-9A1E7A4F7556}") = "Seed.Project.Abstractions", "src\Seed.Project.Abstractions\Seed.Project.Abstractions.csproj", "{1D36BA84-5A29-4AB3-82E9-106EA2C6FEB8}"
EndProject
Project("{9A19103F-16F7-4668-BE54-9A1E7A4F7556}") = "Seed.Project", "src\Seed.Project\Seed.Project.csproj", "{DCC3239B-5A61-42C4-987C-4443C2FF5296}"
EndProject
Project("{9A19103F-16F7-4668-BE54-9A1E7A4F7556}") = "SeedModules.Router", "modules\SeedModules.Router\SeedModules.Router.csproj", "{516265CB-A8B7-4282-B2B9-98AF88A828EC}"
EndProject
Project("{9A19103F-16F7-4668-BE54-9A1E7A4F7556}") = "SeedModules.Security", "modules\SeedModules.Security\SeedModules.Security.csproj", "{C103C477-04EE-468F-9EE7-47077C3BCEA1}"
EndProject
Project("{9A19103F-16F7-4668-BE54-9A1E7A4F7556}") = "Seed", "src\Seed\Seed.csproj", "{66E6F56D-DD1B-4E9B-9FB0-CBC39BAC0629}"
EndProject
Project("{FAE04EC0-301F-11D3-BF4B-00C04F79EFBC}") = "SeedModules.NpmTest1", "modules\SeedModules.NpmTest1\SeedModules.NpmTest1.csproj", "{CFCE9585-DBA3-4D97-93CA-4F12937CB392}"
EndProject
Global
	GlobalSection(SolutionConfigurationPlatforms) = preSolution
		Debug|Any CPU = Debug|Any CPU
		Release|Any CPU = Release|Any CPU
	EndGlobalSection
	GlobalSection(ProjectConfigurationPlatforms) = postSolution
		{898A51AD-EE4E-4C7F-970D-B1B4F7674E1B}.Debug|Any CPU.ActiveCfg = Debug|Any CPU
		{898A51AD-EE4E-4C7F-970D-B1B4F7674E1B}.Debug|Any CPU.Build.0 = Debug|Any CPU
		{898A51AD-EE4E-4C7F-970D-B1B4F7674E1B}.Release|Any CPU.ActiveCfg = Release|Any CPU
		{898A51AD-EE4E-4C7F-970D-B1B4F7674E1B}.Release|Any CPU.Build.0 = Release|Any CPU
		{D6113CC3-3201-43CC-B618-A728A78A3B6C}.Debug|Any CPU.ActiveCfg = Debug|Any CPU
		{D6113CC3-3201-43CC-B618-A728A78A3B6C}.Debug|Any CPU.Build.0 = Debug|Any CPU
		{D6113CC3-3201-43CC-B618-A728A78A3B6C}.Release|Any CPU.ActiveCfg = Release|Any CPU
		{D6113CC3-3201-43CC-B618-A728A78A3B6C}.Release|Any CPU.Build.0 = Release|Any CPU
		{498FE358-0575-4A0D-AC87-1EC0028A37F3}.Debug|Any CPU.ActiveCfg = Debug|Any CPU
		{498FE358-0575-4A0D-AC87-1EC0028A37F3}.Debug|Any CPU.Build.0 = Debug|Any CPU
		{498FE358-0575-4A0D-AC87-1EC0028A37F3}.Release|Any CPU.ActiveCfg = Release|Any CPU
		{498FE358-0575-4A0D-AC87-1EC0028A37F3}.Release|Any CPU.Build.0 = Release|Any CPU
		{04601158-DE5E-4EA0-B864-8839A68852C2}.Debug|Any CPU.ActiveCfg = Debug|Any CPU
		{04601158-DE5E-4EA0-B864-8839A68852C2}.Debug|Any CPU.Build.0 = Debug|Any CPU
		{04601158-DE5E-4EA0-B864-8839A68852C2}.Release|Any CPU.ActiveCfg = Release|Any CPU
		{04601158-DE5E-4EA0-B864-8839A68852C2}.Release|Any CPU.Build.0 = Release|Any CPU
		{3FEC4011-4CEE-4830-B923-A390DDB36DEF}.Debug|Any CPU.ActiveCfg = Debug|Any CPU
		{3FEC4011-4CEE-4830-B923-A390DDB36DEF}.Debug|Any CPU.Build.0 = Debug|Any CPU
		{3FEC4011-4CEE-4830-B923-A390DDB36DEF}.Release|Any CPU.ActiveCfg = Release|Any CPU
		{3FEC4011-4CEE-4830-B923-A390DDB36DEF}.Release|Any CPU.Build.0 = Release|Any CPU
		{A5CD4660-4512-414C-BDA8-811CC2B1B3D4}.Debug|Any CPU.ActiveCfg = Debug|Any CPU
		{A5CD4660-4512-414C-BDA8-811CC2B1B3D4}.Debug|Any CPU.Build.0 = Debug|Any CPU
		{A5CD4660-4512-414C-BDA8-811CC2B1B3D4}.Release|Any CPU.ActiveCfg = Release|Any CPU
		{A5CD4660-4512-414C-BDA8-811CC2B1B3D4}.Release|Any CPU.Build.0 = Release|Any CPU
		{0F39304C-C5CC-4EAC-9895-8EA2ADA492C6}.Debug|Any CPU.ActiveCfg = Debug|Any CPU
		{0F39304C-C5CC-4EAC-9895-8EA2ADA492C6}.Debug|Any CPU.Build.0 = Debug|Any CPU
		{0F39304C-C5CC-4EAC-9895-8EA2ADA492C6}.Release|Any CPU.ActiveCfg = Release|Any CPU
		{0F39304C-C5CC-4EAC-9895-8EA2ADA492C6}.Release|Any CPU.Build.0 = Release|Any CPU
		{37921527-C53B-4816-B042-5AC0AF4A20BA}.Debug|Any CPU.ActiveCfg = Debug|Any CPU
		{37921527-C53B-4816-B042-5AC0AF4A20BA}.Debug|Any CPU.Build.0 = Debug|Any CPU
		{37921527-C53B-4816-B042-5AC0AF4A20BA}.Release|Any CPU.ActiveCfg = Release|Any CPU
		{37921527-C53B-4816-B042-5AC0AF4A20BA}.Release|Any CPU.Build.0 = Release|Any CPU
		{0A03C953-4CD2-45BC-9B44-404E6E59CA4F}.Debug|Any CPU.ActiveCfg = Debug|Any CPU
		{0A03C953-4CD2-45BC-9B44-404E6E59CA4F}.Debug|Any CPU.Build.0 = Debug|Any CPU
		{0A03C953-4CD2-45BC-9B44-404E6E59CA4F}.Release|Any CPU.ActiveCfg = Release|Any CPU
		{0A03C953-4CD2-45BC-9B44-404E6E59CA4F}.Release|Any CPU.Build.0 = Release|Any CPU
		{E811FE77-CD31-494D-A0A4-8AF76219FA3C}.Debug|Any CPU.ActiveCfg = Debug|Any CPU
		{E811FE77-CD31-494D-A0A4-8AF76219FA3C}.Debug|Any CPU.Build.0 = Debug|Any CPU
		{E811FE77-CD31-494D-A0A4-8AF76219FA3C}.Release|Any CPU.ActiveCfg = Release|Any CPU
		{E811FE77-CD31-494D-A0A4-8AF76219FA3C}.Release|Any CPU.Build.0 = Release|Any CPU
		{BC57B530-046A-4A0C-A833-830E93873DB9}.Debug|Any CPU.ActiveCfg = Debug|Any CPU
		{BC57B530-046A-4A0C-A833-830E93873DB9}.Debug|Any CPU.Build.0 = Debug|Any CPU
		{BC57B530-046A-4A0C-A833-830E93873DB9}.Release|Any CPU.ActiveCfg = Release|Any CPU
		{BC57B530-046A-4A0C-A833-830E93873DB9}.Release|Any CPU.Build.0 = Release|Any CPU
		{E29948EA-C76E-46BF-9E5E-2C6B3783BF25}.Debug|Any CPU.ActiveCfg = Debug|Any CPU
		{E29948EA-C76E-46BF-9E5E-2C6B3783BF25}.Debug|Any CPU.Build.0 = Debug|Any CPU
		{E29948EA-C76E-46BF-9E5E-2C6B3783BF25}.Release|Any CPU.ActiveCfg = Release|Any CPU
		{E29948EA-C76E-46BF-9E5E-2C6B3783BF25}.Release|Any CPU.Build.0 = Release|Any CPU
		{72B1A896-8313-447D-BF57-9F291DF9D2D0}.Debug|Any CPU.ActiveCfg = Debug|Any CPU
		{72B1A896-8313-447D-BF57-9F291DF9D2D0}.Debug|Any CPU.Build.0 = Debug|Any CPU
		{72B1A896-8313-447D-BF57-9F291DF9D2D0}.Release|Any CPU.ActiveCfg = Release|Any CPU
		{72B1A896-8313-447D-BF57-9F291DF9D2D0}.Release|Any CPU.Build.0 = Release|Any CPU
		{73F06A11-8910-454B-98AD-7EFF8A376594}.Debug|Any CPU.ActiveCfg = Debug|Any CPU
		{73F06A11-8910-454B-98AD-7EFF8A376594}.Debug|Any CPU.Build.0 = Debug|Any CPU
		{73F06A11-8910-454B-98AD-7EFF8A376594}.Release|Any CPU.ActiveCfg = Release|Any CPU
		{73F06A11-8910-454B-98AD-7EFF8A376594}.Release|Any CPU.Build.0 = Release|Any CPU
		{33EE589F-9C51-4C1E-9CCB-594D633DCA90}.Debug|Any CPU.ActiveCfg = Debug|Any CPU
		{33EE589F-9C51-4C1E-9CCB-594D633DCA90}.Debug|Any CPU.Build.0 = Debug|Any CPU
		{33EE589F-9C51-4C1E-9CCB-594D633DCA90}.Release|Any CPU.ActiveCfg = Release|Any CPU
		{33EE589F-9C51-4C1E-9CCB-594D633DCA90}.Release|Any CPU.Build.0 = Release|Any CPU
		{1D36BA84-5A29-4AB3-82E9-106EA2C6FEB8}.Debug|Any CPU.ActiveCfg = Debug|Any CPU
		{1D36BA84-5A29-4AB3-82E9-106EA2C6FEB8}.Debug|Any CPU.Build.0 = Debug|Any CPU
		{1D36BA84-5A29-4AB3-82E9-106EA2C6FEB8}.Release|Any CPU.ActiveCfg = Release|Any CPU
		{1D36BA84-5A29-4AB3-82E9-106EA2C6FEB8}.Release|Any CPU.Build.0 = Release|Any CPU
		{DCC3239B-5A61-42C4-987C-4443C2FF5296}.Debug|Any CPU.ActiveCfg = Debug|Any CPU
		{DCC3239B-5A61-42C4-987C-4443C2FF5296}.Debug|Any CPU.Build.0 = Debug|Any CPU
		{DCC3239B-5A61-42C4-987C-4443C2FF5296}.Release|Any CPU.ActiveCfg = Release|Any CPU
		{DCC3239B-5A61-42C4-987C-4443C2FF5296}.Release|Any CPU.Build.0 = Release|Any CPU
		{516265CB-A8B7-4282-B2B9-98AF88A828EC}.Debug|Any CPU.ActiveCfg = Debug|Any CPU
		{516265CB-A8B7-4282-B2B9-98AF88A828EC}.Debug|Any CPU.Build.0 = Debug|Any CPU
		{516265CB-A8B7-4282-B2B9-98AF88A828EC}.Release|Any CPU.ActiveCfg = Release|Any CPU
		{516265CB-A8B7-4282-B2B9-98AF88A828EC}.Release|Any CPU.Build.0 = Release|Any CPU
		{C103C477-04EE-468F-9EE7-47077C3BCEA1}.Debug|Any CPU.ActiveCfg = Debug|Any CPU
		{C103C477-04EE-468F-9EE7-47077C3BCEA1}.Debug|Any CPU.Build.0 = Debug|Any CPU
		{C103C477-04EE-468F-9EE7-47077C3BCEA1}.Release|Any CPU.ActiveCfg = Release|Any CPU
		{C103C477-04EE-468F-9EE7-47077C3BCEA1}.Release|Any CPU.Build.0 = Release|Any CPU
		{66E6F56D-DD1B-4E9B-9FB0-CBC39BAC0629}.Debug|Any CPU.ActiveCfg = Debug|Any CPU
		{66E6F56D-DD1B-4E9B-9FB0-CBC39BAC0629}.Debug|Any CPU.Build.0 = Debug|Any CPU
		{66E6F56D-DD1B-4E9B-9FB0-CBC39BAC0629}.Release|Any CPU.ActiveCfg = Release|Any CPU
		{66E6F56D-DD1B-4E9B-9FB0-CBC39BAC0629}.Release|Any CPU.Build.0 = Release|Any CPU
		{CFCE9585-DBA3-4D97-93CA-4F12937CB392}.Debug|Any CPU.ActiveCfg = Debug|Any CPU
		{CFCE9585-DBA3-4D97-93CA-4F12937CB392}.Debug|Any CPU.Build.0 = Debug|Any CPU
		{CFCE9585-DBA3-4D97-93CA-4F12937CB392}.Release|Any CPU.ActiveCfg = Release|Any CPU
		{CFCE9585-DBA3-4D97-93CA-4F12937CB392}.Release|Any CPU.Build.0 = Release|Any CPU
	EndGlobalSection
	GlobalSection(SolutionProperties) = preSolution
		HideSolutionNode = FALSE
	EndGlobalSection
	GlobalSection(NestedProjects) = preSolution
		{898A51AD-EE4E-4C7F-970D-B1B4F7674E1B} = {41EBA1C8-5F39-461E-8CE0-0351CE1AC9B0}
		{D6113CC3-3201-43CC-B618-A728A78A3B6C} = {41EBA1C8-5F39-461E-8CE0-0351CE1AC9B0}
		{498FE358-0575-4A0D-AC87-1EC0028A37F3} = {41EBA1C8-5F39-461E-8CE0-0351CE1AC9B0}
		{04601158-DE5E-4EA0-B864-8839A68852C2} = {41EBA1C8-5F39-461E-8CE0-0351CE1AC9B0}
		{3FEC4011-4CEE-4830-B923-A390DDB36DEF} = {41EBA1C8-5F39-461E-8CE0-0351CE1AC9B0}
		{A5CD4660-4512-414C-BDA8-811CC2B1B3D4} = {41EBA1C8-5F39-461E-8CE0-0351CE1AC9B0}
		{0F39304C-C5CC-4EAC-9895-8EA2ADA492C6} = {B78090F4-3842-4EEF-A316-12233ADF9517}
		{37921527-C53B-4816-B042-5AC0AF4A20BA} = {B78090F4-3842-4EEF-A316-12233ADF9517}
		{0A03C953-4CD2-45BC-9B44-404E6E59CA4F} = {B744AE02-1693-4BB9-96C3-01DF54DFB172}
		{E811FE77-CD31-494D-A0A4-8AF76219FA3C} = {41EBA1C8-5F39-461E-8CE0-0351CE1AC9B0}
		{BC57B530-046A-4A0C-A833-830E93873DB9} = {41EBA1C8-5F39-461E-8CE0-0351CE1AC9B0}
		{E29948EA-C76E-46BF-9E5E-2C6B3783BF25} = {41EBA1C8-5F39-461E-8CE0-0351CE1AC9B0}
		{72B1A896-8313-447D-BF57-9F291DF9D2D0} = {41EBA1C8-5F39-461E-8CE0-0351CE1AC9B0}
		{73F06A11-8910-454B-98AD-7EFF8A376594} = {B78090F4-3842-4EEF-A316-12233ADF9517}
		{33EE589F-9C51-4C1E-9CCB-594D633DCA90} = {41EBA1C8-5F39-461E-8CE0-0351CE1AC9B0}
		{1D36BA84-5A29-4AB3-82E9-106EA2C6FEB8} = {41EBA1C8-5F39-461E-8CE0-0351CE1AC9B0}
		{DCC3239B-5A61-42C4-987C-4443C2FF5296} = {41EBA1C8-5F39-461E-8CE0-0351CE1AC9B0}
		{516265CB-A8B7-4282-B2B9-98AF88A828EC} = {B744AE02-1693-4BB9-96C3-01DF54DFB172}
		{C103C477-04EE-468F-9EE7-47077C3BCEA1} = {B744AE02-1693-4BB9-96C3-01DF54DFB172}
		{66E6F56D-DD1B-4E9B-9FB0-CBC39BAC0629} = {41EBA1C8-5F39-461E-8CE0-0351CE1AC9B0}
		{CFCE9585-DBA3-4D97-93CA-4F12937CB392} = {B744AE02-1693-4BB9-96C3-01DF54DFB172}
	EndGlobalSection
	GlobalSection(ExtensibilityGlobals) = postSolution
		SolutionGuid = {103E5205-1588-47A7-8F86-693367C858B2}
	EndGlobalSection
EndGlobal
